
Microsoft Visual Studio Solution File, Format Version 12.00
# Visual Studio 2012
# SharpDevelop 5.1
VisualStudioVersion = 12.0.20827.3
MinimumVisualStudioVersion = 10.0.40219.1
Project("{FAE04EC0-301F-11D3-BF4B-00C04F79EFBC}") = "Predavanje_3", "Predavanje_3\Predavanje_3.csproj", "{FE6D21D9-D7A2-45A2-B8F5-55C5B5FDBE9C}"
EndProject
Global
	GlobalSection(SolutionConfigurationPlatforms) = preSolution
		Debug|Any CPU = Debug|Any CPU
		Release|Any CPU = Release|Any CPU
	EndGlobalSection
	GlobalSection(ProjectConfigurationPlatforms) = postSolution
		{FE6D21D9-D7A2-45A2-B8F5-55C5B5FDBE9C}.Debug|Any CPU.ActiveCfg = Debug|Any CPU
		{FE6D21D9-D7A2-45A2-B8F5-55C5B5FDBE9C}.Debug|Any CPU.Build.0 = Debug|Any CPU
		{FE6D21D9-D7A2-45A2-B8F5-55C5B5FDBE9C}.Release|Any CPU.ActiveCfg = Release|Any CPU
		{FE6D21D9-D7A2-45A2-B8F5-55C5B5FDBE9C}.Release|Any CPU.Build.0 = Release|Any CPU
	EndGlobalSection
EndGlobal
