
Microsoft Visual Studio Solution File, Format Version 12.00
# Visual Studio 2012
# SharpDevelop 5.1
VisualStudioVersion = 12.0.20827.3
MinimumVisualStudioVersion = 10.0.40219.1
Project("{FAE04EC0-301F-11D3-BF4B-00C04F79EFBC}") = "Predavanje_1", "Predavanje_1\Predavanje_1.csproj", "{67D6A8C2-9AC2-48FE-B0E8-E86555823598}"
EndProject
Global
	GlobalSection(SolutionConfigurationPlatforms) = preSolution
		Debug|Any CPU = Debug|Any CPU
		Release|Any CPU = Release|Any CPU
	EndGlobalSection
	GlobalSection(ProjectConfigurationPlatforms) = postSolution
		{67D6A8C2-9AC2-48FE-B0E8-E86555823598}.Debug|Any CPU.ActiveCfg = Debug|Any CPU
		{67D6A8C2-9AC2-48FE-B0E8-E86555823598}.Debug|Any CPU.Build.0 = Debug|Any CPU
		{67D6A8C2-9AC2-48FE-B0E8-E86555823598}.Release|Any CPU.ActiveCfg = Release|Any CPU
		{67D6A8C2-9AC2-48FE-B0E8-E86555823598}.Release|Any CPU.Build.0 = Release|Any CPU
	EndGlobalSection
EndGlobal
